
Microsoft Visual Studio Solution File, Format Version 12.00
# Visual Studio Version 17
VisualStudioVersion = 17.3.32825.248
MinimumVisualStudioVersion = 10.0.40219.1
Project("{FAE04EC0-301F-11D3-BF4B-00C04F79EFBC}") = "Posloupnost - pyr", "Posloupnost - pyr\Posloupnost - pyr.csproj", "{FAE9FFB2-511D-4237-8B77-E276A2C0E587}"
EndProject
Global
	GlobalSection(SolutionConfigurationPlatforms) = preSolution
		Debug|Any CPU = Debug|Any CPU
		Release|Any CPU = Release|Any CPU
	EndGlobalSection
	GlobalSection(ProjectConfigurationPlatforms) = postSolution
		{FAE9FFB2-511D-4237-8B77-E276A2C0E587}.Debug|Any CPU.ActiveCfg = Debug|Any CPU
		{FAE9FFB2-511D-4237-8B77-E276A2C0E587}.Debug|Any CPU.Build.0 = Debug|Any CPU
		{FAE9FFB2-511D-4237-8B77-E276A2C0E587}.Release|Any CPU.ActiveCfg = Release|Any CPU
		{FAE9FFB2-511D-4237-8B77-E276A2C0E587}.Release|Any CPU.Build.0 = Release|Any CPU
	EndGlobalSection
	GlobalSection(SolutionProperties) = preSolution
		HideSolutionNode = FALSE
	EndGlobalSection
	GlobalSection(ExtensibilityGlobals) = postSolution
		SolutionGuid = {FE5678CB-22CB-43EE-BD12-A02375EA9513}
	EndGlobalSection
EndGlobal
